{
  "name": "helloworld",
  "version": "1.0.0",
  "lockfileVersion": 1,
  "requires": true,
  "dependencies": {
    "array-add-num": {
      "version": "1.0.2",
      "resolved": "https://registry.npmjs.org/array-add-num/-/array-add-num-1.0.2.tgz",
      "integrity": "sha512-2QAo5FtHe5GrPZ0AUsk84XOxJzvjJacgx6NkPtzWWrn9jQAgCHVg3yBQZa/yTjYOxJquKx25oXWR8q1WToP4Eg=="
    }
  }
}
